
Microsoft Visual Studio Solution File, Format Version 12.00
# Visual Studio Version 17
VisualStudioVersion = 17.5.002.0
MinimumVisualStudioVersion = 10.0.40219.1
Project("{9A19103F-16F7-4668-BE54-9A1E7A4F7556}") = "httpdoc", "httpdoc.csproj", "{FA475A3D-12FB-49B6-86DF-048E4CC52F15}"
EndProject
Global
	GlobalSection(SolutionConfigurationPlatforms) = preSolution
		Debug|Any CPU = Debug|Any CPU
		Release|Any CPU = Release|Any CPU
	EndGlobalSection
	GlobalSection(ProjectConfigurationPlatforms) = postSolution
		{FA475A3D-12FB-49B6-86DF-048E4CC52F15}.Debug|Any CPU.ActiveCfg = Debug|Any CPU
		{FA475A3D-12FB-49B6-86DF-048E4CC52F15}.Debug|Any CPU.Build.0 = Debug|Any CPU
		{FA475A3D-12FB-49B6-86DF-048E4CC52F15}.Release|Any CPU.ActiveCfg = Release|Any CPU
		{FA475A3D-12FB-49B6-86DF-048E4CC52F15}.Release|Any CPU.Build.0 = Release|Any CPU
	EndGlobalSection
	GlobalSection(SolutionProperties) = preSolution
		HideSolutionNode = FALSE
	EndGlobalSection
	GlobalSection(ExtensibilityGlobals) = postSolution
		SolutionGuid = {3D1B575C-64F1-4F25-8FA0-FF673D1DB097}
	EndGlobalSection
EndGlobal
